// !$*UTF8*$!
{
	archiveVersion = 1;
	classes = {
	};
	objectVersion = 63;
	objects = {

/* Begin PBXBuildFile section */
		043AF36FF0DEBF26851A0CAD /* AlignmentEngine.swift in Sources */ = {isa = PBXBuildFile; fileRef = C2C84263122602465CE4302B /* AlignmentEngine.swift */; };
		AAAA0001AABBCCDDEEFF0001 /* AlignmentService.swift in Sources */ = {isa = PBXBuildFile; fileRef = AAAA0002AABBCCDDEEFF0002 /* AlignmentService.swift */; };
		15DC512965243C11AE8FA3A1 /* OCVAligner.mm in Sources */ = {isa = PBXBuildFile; fileRef = 63F75E875C6B37440E550F13 /* OCVAligner.mm */; };
		22DF97CBF42275A497D93BE4 /* CaptureService.swift in Sources */ = {isa = PBXBuildFile; fileRef = B1BAFF4F16BE251D02D56ACE /* CaptureService.swift */; };
		4A590F31656D669E38695834 /* AlignmentLog.md in Resources */ = {isa = PBXBuildFile; fileRef = 78AFEF0582375267184506FB /* AlignmentLog.md */; };
		54DE4DAB09F183B9C6339907 /* PhotoLibraryService.swift in Sources */ = {isa = PBXBuildFile; fileRef = D5C57E4FF8C4AEA431FC2506 /* PhotoLibraryService.swift */; };
		5B6F920C337AAE5E1772BBCE /* CameraModel.swift in Sources */ = {isa = PBXBuildFile; fileRef = B4886568650B9CA47DDF2557 /* CameraModel.swift */; };
		6A0A19F28E8E7D7092F08659 /* VisionAlignment.swift in Sources */ = {isa = PBXBuildFile; fileRef = E26EB170B5CEE1518D817BDC /* VisionAlignment.swift */; };
		7DC4241358EF1505BCDD0BB8 /* AlignmentDesign.md in Resources */ = {isa = PBXBuildFile; fileRef = 459D5F7DB5E29632298EB2E6 /* AlignmentDesign.md */; };
		8B36ECBE8F487D79C5BF6AAD /* ContentView.swift in Sources */ = {isa = PBXBuildFile; fileRef = BEC1CEB119DB17FCFF76CBA5 /* ContentView.swift */; };
		B3A794C7E99842CCF0752169 /* ExpexpApp.swift in Sources */ = {isa = PBXBuildFile; fileRef = CEECD1650CE94D6154C6435C /* ExpexpApp.swift */; };
		E9E1D9E6232CD798B2DD5CFE /* CameraPreview.swift in Sources */ = {isa = PBXBuildFile; fileRef = 24F00CB5A1F0A38703B90A7F /* CameraPreview.swift */; };
		FEB64FAEB271E33507EA2D68 /* PhotoCapture.swift in Sources */ = {isa = PBXBuildFile; fileRef = 473324B840A3C861AB6DEE7B /* PhotoCapture.swift */; };
/* End PBXBuildFile section */

/* Begin PBXFileReference section */
		0693997A4DB833E1D980874D /* Expexp.app */ = {isa = PBXFileReference; explicitFileType = wrapper.application; includeInIndex = 0; path = Expexp.app; sourceTree = BUILT_PRODUCTS_DIR; };
		24F00CB5A1F0A38703B90A7F /* CameraPreview.swift */ = {isa = PBXFileReference; lastKnownFileType = sourcecode.swift; path = CameraPreview.swift; sourceTree = "<group>"; };
		459D5F7DB5E29632298EB2E6 /* AlignmentDesign.md */ = {isa = PBXFileReference; lastKnownFileType = net.daringfireball.markdown; path = AlignmentDesign.md; sourceTree = "<group>"; };
		473324B840A3C861AB6DEE7B /* PhotoCapture.swift */ = {isa = PBXFileReference; lastKnownFileType = sourcecode.swift; path = PhotoCapture.swift; sourceTree = "<group>"; };
		63F75E875C6B37440E550F13 /* OCVAligner.mm */ = {isa = PBXFileReference; lastKnownFileType = sourcecode.cpp.objcpp; path = OCVAligner.mm; sourceTree = "<group>"; };
		78AFEF0582375267184506FB /* AlignmentLog.md */ = {isa = PBXFileReference; lastKnownFileType = net.daringfireball.markdown; path = AlignmentLog.md; sourceTree = "<group>"; };
		B1BAFF4F16BE251D02D56ACE /* CaptureService.swift */ = {isa = PBXFileReference; lastKnownFileType = sourcecode.swift; path = CaptureService.swift; sourceTree = "<group>"; };
		B4886568650B9CA47DDF2557 /* CameraModel.swift */ = {isa = PBXFileReference; lastKnownFileType = sourcecode.swift; path = CameraModel.swift; sourceTree = "<group>"; };
		BEC1CEB119DB17FCFF76CBA5 /* ContentView.swift */ = {isa = PBXFileReference; lastKnownFileType = sourcecode.swift; path = ContentView.swift; sourceTree = "<group>"; };
		C2C84263122602465CE4302B /* AlignmentEngine.swift */ = {isa = PBXFileReference; lastKnownFileType = sourcecode.swift; path = AlignmentEngine.swift; sourceTree = "<group>"; };
		AAAA0002AABBCCDDEEFF0002 /* AlignmentService.swift */ = {isa = PBXFileReference; lastKnownFileType = sourcecode.swift; path = AlignmentService.swift; sourceTree = "<group>"; };
		CEECD1650CE94D6154C6435C /* ExpexpApp.swift */ = {isa = PBXFileReference; lastKnownFileType = sourcecode.swift; path = ExpexpApp.swift; sourceTree = "<group>"; };
		D5C57E4FF8C4AEA431FC2506 /* PhotoLibraryService.swift */ = {isa = PBXFileReference; lastKnownFileType = sourcecode.swift; path = PhotoLibraryService.swift; sourceTree = "<group>"; };
		E26EB170B5CEE1518D817BDC /* VisionAlignment.swift */ = {isa = PBXFileReference; lastKnownFileType = sourcecode.swift; path = VisionAlignment.swift; sourceTree = "<group>"; };
		E8ACAD32A036F63B7EDDD20D /* OCVAligner.h */ = {isa = PBXFileReference; lastKnownFileType = sourcecode.c.h; path = OCVAligner.h; sourceTree = "<group>"; };
		FC7A21DA945374E0AB9E4119 /* Info.plist */ = {isa = PBXFileReference; lastKnownFileType = text.plist; path = Info.plist; sourceTree = "<group>"; };
/* End PBXFileReference section */

/* Begin PBXGroup section */
		2C50064C8FCA52915657C751 /* App */ = {
			isa = PBXGroup;
			children = (
				B4886568650B9CA47DDF2557 /* CameraModel.swift */,
				24F00CB5A1F0A38703B90A7F /* CameraPreview.swift */,
				B1BAFF4F16BE251D02D56ACE /* CaptureService.swift */,
				BEC1CEB119DB17FCFF76CBA5 /* ContentView.swift */,
				CEECD1650CE94D6154C6435C /* ExpexpApp.swift */,
				FC7A21DA945374E0AB9E4119 /* Info.plist */,
				473324B840A3C861AB6DEE7B /* PhotoCapture.swift */,
				D5C57E4FF8C4AEA431FC2506 /* PhotoLibraryService.swift */,
				F1FEDC0B7D3A0FD36C2AF83C /* Alignment */,
				3629D4C4D30EA3B1D94FF9B9 /* Docs */,
			);
			path = App;
			sourceTree = "<group>";
		};
		3629D4C4D30EA3B1D94FF9B9 /* Docs */ = {
			isa = PBXGroup;
			children = (
				459D5F7DB5E29632298EB2E6 /* AlignmentDesign.md */,
				78AFEF0582375267184506FB /* AlignmentLog.md */,
			);
			path = Docs;
			sourceTree = "<group>";
		};
		5370381CE7E1888DC8DAE4EF = {
			isa = PBXGroup;
			children = (
				2C50064C8FCA52915657C751 /* App */,
				FEBF26DFB9ED940D3A100646 /* Products */,
			);
			sourceTree = "<group>";
		};
		F1FEDC0B7D3A0FD36C2AF83C /* Alignment */ = {
			isa = PBXGroup;
			children = (
				C2C84263122602465CE4302B /* AlignmentEngine.swift */,
				AAAA0002AABBCCDDEEFF0002 /* AlignmentService.swift */,
				E8ACAD32A036F63B7EDDD20D /* OCVAligner.h */,
				63F75E875C6B37440E550F13 /* OCVAligner.mm */,
				E26EB170B5CEE1518D817BDC /* VisionAlignment.swift */,
			);
			path = Alignment;
			sourceTree = "<group>";
		};
		FEBF26DFB9ED940D3A100646 /* Products */ = {
			isa = PBXGroup;
			children = (
				0693997A4DB833E1D980874D /* Expexp.app */,
			);
			name = Products;
			sourceTree = "<group>";
		};
/* End PBXGroup section */

/* Begin PBXNativeTarget section */
		4F5A888AEB73A91F0B29ACAB /* Expexp */ = {
			isa = PBXNativeTarget;
			buildConfigurationList = ECEEBCE106EE40FFD0F7C05E /* Build configuration list for PBXNativeTarget "Expexp" */;
			buildPhases = (
				A8E2322039B0243A14B7D27D /* Sources */,
				A187F29DE5C841DA90BB58D9 /* Resources */,
			);
			buildRules = (
			);
			dependencies = (
			);
			name = Expexp;
			packageProductDependencies = (
			);
			productName = Expexp;
			productReference = 0693997A4DB833E1D980874D /* Expexp.app */;
			productType = "com.apple.product-type.application";
		};
/* End PBXNativeTarget section */

/* Begin PBXProject section */
		9D102BB7BC7D334547637DA0 /* Project object */ = {
			isa = PBXProject;
			attributes = {
				BuildIndependentTargetsInParallel = YES;
				LastUpgradeCheck = 1430;
				TargetAttributes = {
					4F5A888AEB73A91F0B29ACAB = {
						ProvisioningStyle = Automatic;
					};
				};
			};
			buildConfigurationList = BA2EEE66B0B7D4D5F22335F1 /* Build configuration list for PBXProject "Expexp" */;
			compatibilityVersion = "Xcode 14.0";
			developmentRegion = en;
			hasScannedForEncodings = 0;
			knownRegions = (
				Base,
				en,
			);
			mainGroup = 5370381CE7E1888DC8DAE4EF;
			minimizedProjectReferenceProxies = 1;
			projectDirPath = "";
			projectRoot = "";
			targets = (
				4F5A888AEB73A91F0B29ACAB /* Expexp */,
			);
		};
/* End PBXProject section */

/* Begin PBXResourcesBuildPhase section */
		A187F29DE5C841DA90BB58D9 /* Resources */ = {
			isa = PBXResourcesBuildPhase;
			buildActionMask = 2147483647;
			files = (
				7DC4241358EF1505BCDD0BB8 /* AlignmentDesign.md in Resources */,
				4A590F31656D669E38695834 /* AlignmentLog.md in Resources */,
			);
			runOnlyForDeploymentPostprocessing = 0;
		};
/* End PBXResourcesBuildPhase section */

/* Begin PBXSourcesBuildPhase section */
		A8E2322039B0243A14B7D27D /* Sources */ = {
			isa = PBXSourcesBuildPhase;
			buildActionMask = 2147483647;
			files = (
				043AF36FF0DEBF26851A0CAD /* AlignmentEngine.swift in Sources */,
				AAAA0001AABBCCDDEEFF0001 /* AlignmentService.swift in Sources */,
				5B6F920C337AAE5E1772BBCE /* CameraModel.swift in Sources */,
				E9E1D9E6232CD798B2DD5CFE /* CameraPreview.swift in Sources */,
				22DF97CBF42275A497D93BE4 /* CaptureService.swift in Sources */,
				8B36ECBE8F487D79C5BF6AAD /* ContentView.swift in Sources */,
				B3A794C7E99842CCF0752169 /* ExpexpApp.swift in Sources */,
				15DC512965243C11AE8FA3A1 /* OCVAligner.mm in Sources */,
				FEB64FAEB271E33507EA2D68 /* PhotoCapture.swift in Sources */,
				54DE4DAB09F183B9C6339907 /* PhotoLibraryService.swift in Sources */,
				6A0A19F28E8E7D7092F08659 /* VisionAlignment.swift in Sources */,
			);
			runOnlyForDeploymentPostprocessing = 0;
		};
/* End PBXSourcesBuildPhase section */

/* Begin XCBuildConfiguration section */
		21DD0DF69909B084DC9B747E /* Debug */ = {
			isa = XCBuildConfiguration;
			buildSettings = {
				ASSETCATALOG_COMPILER_APPICON_NAME = AppIcon;
				CODE_SIGN_IDENTITY = "iPhone Developer";
				CODE_SIGN_STYLE = Automatic;
				DEVELOPMENT_TEAM = N7ZX6XG86A;
				INFOPLIST_FILE = App/Info.plist;
				INFOPLIST_KEY_LSApplicationCategoryType = "public.app-category.photography";
				IPHONEOS_DEPLOYMENT_TARGET = 17.0;
				LD_RUNPATH_SEARCH_PATHS = (
					"$(inherited)",
					"@executable_path/Frameworks",
				);
				PRODUCT_BUNDLE_IDENTIFIER = ventures.cull.expexp;
				SDKROOT = iphoneos;
				SUPPORTED_PLATFORMS = "iphoneos iphonesimulator";
				SUPPORTS_MACCATALYST = NO;
				SUPPORTS_MAC_DESIGNED_FOR_IPHONE_IPAD = NO;
				SUPPORTS_XR_DESIGNED_FOR_IPHONE_IPAD = NO;
				SWIFT_VERSION = 5.9;
				TARGETED_DEVICE_FAMILY = "1,2";
			};
			name = Debug;
		};
		3F0474FB88CB45CA4417F62D /* Release */ = {
			isa = XCBuildConfiguration;
			buildSettings = {
				ASSETCATALOG_COMPILER_APPICON_NAME = AppIcon;
				CODE_SIGN_IDENTITY = "iPhone Developer";
				CODE_SIGN_STYLE = Automatic;
				DEVELOPMENT_TEAM = N7ZX6XG86A;
				INFOPLIST_FILE = App/Info.plist;
				INFOPLIST_KEY_LSApplicationCategoryType = "public.app-category.photography";
				IPHONEOS_DEPLOYMENT_TARGET = 17.0;
				LD_RUNPATH_SEARCH_PATHS = (
					"$(inherited)",
					"@executable_path/Frameworks",
				);
				PRODUCT_BUNDLE_IDENTIFIER = ventures.cull.expexp;
				SDKROOT = iphoneos;
				SUPPORTED_PLATFORMS = "iphoneos iphonesimulator";
				SUPPORTS_MACCATALYST = NO;
				SUPPORTS_MAC_DESIGNED_FOR_IPHONE_IPAD = NO;
				SUPPORTS_XR_DESIGNED_FOR_IPHONE_IPAD = NO;
				SWIFT_VERSION = 5.9;
				TARGETED_DEVICE_FAMILY = "1,2";
			};
			name = Release;
		};
		7F814FB6E0EE313A0803E6B8 /* Debug */ = {
			isa = XCBuildConfiguration;
			buildSettings = {
				ALWAYS_SEARCH_USER_PATHS = NO;
				CLANG_ANALYZER_NONNULL = YES;
				CLANG_ANALYZER_NUMBER_OBJECT_CONVERSION = YES_AGGRESSIVE;
				CLANG_CXX_LANGUAGE_STANDARD = "gnu++14";
				CLANG_CXX_LIBRARY = "libc++";
				CLANG_ENABLE_MODULES = YES;
				CLANG_ENABLE_OBJC_ARC = YES;
				CLANG_ENABLE_OBJC_WEAK = YES;
				CLANG_WARN_BLOCK_CAPTURE_AUTORELEASING = YES;
				CLANG_WARN_BOOL_CONVERSION = YES;
				CLANG_WARN_COMMA = YES;
				CLANG_WARN_CONSTANT_CONVERSION = YES;
				CLANG_WARN_DEPRECATED_OBJC_IMPLEMENTATIONS = YES;
				CLANG_WARN_DIRECT_OBJC_ISA_USAGE = YES_ERROR;
				CLANG_WARN_DOCUMENTATION_COMMENTS = YES;
				CLANG_WARN_EMPTY_BODY = YES;
				CLANG_WARN_ENUM_CONVERSION = YES;
				CLANG_WARN_INFINITE_RECURSION = YES;
				CLANG_WARN_INT_CONVERSION = YES;
				CLANG_WARN_NON_LITERAL_NULL_CONVERSION = YES;
				CLANG_WARN_OBJC_IMPLICIT_RETAIN_SELF = YES;
				CLANG_WARN_OBJC_LITERAL_CONVERSION = YES;
				CLANG_WARN_OBJC_ROOT_CLASS = YES_ERROR;
				CLANG_WARN_QUOTED_INCLUDE_IN_FRAMEWORK_HEADER = YES;
				CLANG_WARN_RANGE_LOOP_ANALYSIS = YES;
				CLANG_WARN_STRICT_PROTOTYPES = YES;
				CLANG_WARN_SUSPICIOUS_MOVE = YES;
				CLANG_WARN_UNGUARDED_AVAILABILITY = YES_AGGRESSIVE;
				CLANG_WARN_UNREACHABLE_CODE = YES;
				CLANG_WARN__DUPLICATE_METHOD_MATCH = YES;
				COPY_PHASE_STRIP = NO;
				DEBUG_INFORMATION_FORMAT = dwarf;
				ENABLE_STRICT_OBJC_MSGSEND = YES;
				ENABLE_TESTABILITY = YES;
				GCC_C_LANGUAGE_STANDARD = gnu11;
				GCC_DYNAMIC_NO_PIC = NO;
				GCC_NO_COMMON_BLOCKS = YES;
				GCC_OPTIMIZATION_LEVEL = 0;
				GCC_PREPROCESSOR_DEFINITIONS = (
					"$(inherited)",
					"DEBUG=1",
				);
				GCC_WARN_64_TO_32_BIT_CONVERSION = YES;
				GCC_WARN_ABOUT_RETURN_TYPE = YES_ERROR;
				GCC_WARN_UNDECLARED_SELECTOR = YES;
				GCC_WARN_UNINITIALIZED_AUTOS = YES_AGGRESSIVE;
				GCC_WARN_UNUSED_FUNCTION = YES;
				GCC_WARN_UNUSED_VARIABLE = YES;
				MTL_ENABLE_DEBUG_INFO = INCLUDE_SOURCE;
				MTL_FAST_MATH = YES;
				ONLY_ACTIVE_ARCH = YES;
				PRODUCT_NAME = "$(TARGET_NAME)";
				SDKROOT = iphoneos;
				SWIFT_ACTIVE_COMPILATION_CONDITIONS = DEBUG;
				SWIFT_OPTIMIZATION_LEVEL = "-Onone";
				SWIFT_VERSION = 5.0;
			};
			name = Debug;
		};
		890D03E02B3003D7273C6CB0 /* Release */ = {
			isa = XCBuildConfiguration;
			buildSettings = {
				ALWAYS_SEARCH_USER_PATHS = NO;
				CLANG_ANALYZER_NONNULL = YES;
				CLANG_ANALYZER_NUMBER_OBJECT_CONVERSION = YES_AGGRESSIVE;
				CLANG_CXX_LANGUAGE_STANDARD = "gnu++14";
				CLANG_CXX_LIBRARY = "libc++";
				CLANG_ENABLE_MODULES = YES;
				CLANG_ENABLE_OBJC_ARC = YES;
				CLANG_ENABLE_OBJC_WEAK = YES;
				CLANG_WARN_BLOCK_CAPTURE_AUTORELEASING = YES;
				CLANG_WARN_BOOL_CONVERSION = YES;
				CLANG_WARN_COMMA = YES;
				CLANG_WARN_CONSTANT_CONVERSION = YES;
				CLANG_WARN_DEPRECATED_OBJC_IMPLEMENTATIONS = YES;
				CLANG_WARN_DIRECT_OBJC_ISA_USAGE = YES_ERROR;
				CLANG_WARN_DOCUMENTATION_COMMENTS = YES;
				CLANG_WARN_EMPTY_BODY = YES;
				CLANG_WARN_ENUM_CONVERSION = YES;
				CLANG_WARN_INFINITE_RECURSION = YES;
				CLANG_WARN_INT_CONVERSION = YES;
				CLANG_WARN_NON_LITERAL_NULL_CONVERSION = YES;
				CLANG_WARN_OBJC_IMPLICIT_RETAIN_SELF = YES;
				CLANG_WARN_OBJC_LITERAL_CONVERSION = YES;
				CLANG_WARN_OBJC_ROOT_CLASS = YES_ERROR;
				CLANG_WARN_QUOTED_INCLUDE_IN_FRAMEWORK_HEADER = YES;
				CLANG_WARN_RANGE_LOOP_ANALYSIS = YES;
				CLANG_WARN_STRICT_PROTOTYPES = YES;
				CLANG_WARN_SUSPICIOUS_MOVE = YES;
				CLANG_WARN_UNGUARDED_AVAILABILITY = YES_AGGRESSIVE;
				CLANG_WARN_UNREACHABLE_CODE = YES;
				CLANG_WARN__DUPLICATE_METHOD_MATCH = YES;
				COPY_PHASE_STRIP = NO;
				DEBUG_INFORMATION_FORMAT = "dwarf-with-dsym";
				ENABLE_NS_ASSERTIONS = NO;
				ENABLE_STRICT_OBJC_MSGSEND = YES;
				GCC_C_LANGUAGE_STANDARD = gnu11;
				GCC_NO_COMMON_BLOCKS = YES;
				GCC_WARN_64_TO_32_BIT_CONVERSION = YES;
				GCC_WARN_ABOUT_RETURN_TYPE = YES_ERROR;
				GCC_WARN_UNDECLARED_SELECTOR = YES;
				GCC_WARN_UNINITIALIZED_AUTOS = YES_AGGRESSIVE;
				GCC_WARN_UNUSED_FUNCTION = YES;
				GCC_WARN_UNUSED_VARIABLE = YES;
				MTL_ENABLE_DEBUG_INFO = NO;
				MTL_FAST_MATH = YES;
				PRODUCT_NAME = "$(TARGET_NAME)";
				SDKROOT = iphoneos;
				SWIFT_COMPILATION_MODE = wholemodule;
				SWIFT_OPTIMIZATION_LEVEL = "-O";
				SWIFT_VERSION = 5.0;
			};
			name = Release;
		};
/* End XCBuildConfiguration section */

/* Begin XCConfigurationList section */
		BA2EEE66B0B7D4D5F22335F1 /* Build configuration list for PBXProject "Expexp" */ = {
			isa = XCConfigurationList;
			buildConfigurations = (
				7F814FB6E0EE313A0803E6B8 /* Debug */,
				890D03E02B3003D7273C6CB0 /* Release */,
			);
			defaultConfigurationIsVisible = 0;
			defaultConfigurationName = Debug;
		};
		ECEEBCE106EE40FFD0F7C05E /* Build configuration list for PBXNativeTarget "Expexp" */ = {
			isa = XCConfigurationList;
			buildConfigurations = (
				21DD0DF69909B084DC9B747E /* Debug */,
				3F0474FB88CB45CA4417F62D /* Release */,
			);
			defaultConfigurationIsVisible = 0;
			defaultConfigurationName = Debug;
		};
/* End XCConfigurationList section */
	};
	rootObject = 9D102BB7BC7D334547637DA0 /* Project object */;
}
